
Microsoft Visual Studio Solution File, Format Version 12.00
# Visual Studio 15
VisualStudioVersion = 15.0.28010.2050
MinimumVisualStudioVersion = 10.0.40219.1
Project("{FAE04EC0-301F-11D3-BF4B-00C04F79EFBC}") = "AutoServices", "AutoServices\AutoServices.csproj", "{60DA45E3-8198-40DF-9065-F0A690DE1942}"
EndProject
Project("{FAE04EC0-301F-11D3-BF4B-00C04F79EFBC}") = "Domain", "Domain\Domain.csproj", "{A9F9D20A-B0D0-4DFB-8CDD-454E7AD89565}"
EndProject
Global
	GlobalSection(SolutionConfigurationPlatforms) = preSolution
		Debug|Any CPU = Debug|Any CPU
		Release|Any CPU = Release|Any CPU
	EndGlobalSection
	GlobalSection(ProjectConfigurationPlatforms) = postSolution
		{60DA45E3-8198-40DF-9065-F0A690DE1942}.Debug|Any CPU.ActiveCfg = Debug|Any CPU
		{60DA45E3-8198-40DF-9065-F0A690DE1942}.Debug|Any CPU.Build.0 = Debug|Any CPU
		{60DA45E3-8198-40DF-9065-F0A690DE1942}.Release|Any CPU.ActiveCfg = Release|Any CPU
		{60DA45E3-8198-40DF-9065-F0A690DE1942}.Release|Any CPU.Build.0 = Release|Any CPU
		{A9F9D20A-B0D0-4DFB-8CDD-454E7AD89565}.Debug|Any CPU.ActiveCfg = Debug|Any CPU
		{A9F9D20A-B0D0-4DFB-8CDD-454E7AD89565}.Debug|Any CPU.Build.0 = Debug|Any CPU
		{A9F9D20A-B0D0-4DFB-8CDD-454E7AD89565}.Release|Any CPU.ActiveCfg = Release|Any CPU
		{A9F9D20A-B0D0-4DFB-8CDD-454E7AD89565}.Release|Any CPU.Build.0 = Release|Any CPU
	EndGlobalSection
	GlobalSection(SolutionProperties) = preSolution
		HideSolutionNode = FALSE
	EndGlobalSection
	GlobalSection(ExtensibilityGlobals) = postSolution
		SolutionGuid = {FD990BFC-CCF3-4B54-972E-73660075AAFB}
	EndGlobalSection
EndGlobal
